
Microsoft Visual Studio Solution File, Format Version 12.00
# Visual Studio 15
VisualStudioVersion = 15.0.26430.13
MinimumVisualStudioVersion = 10.0.40219.1
Project("{2150E333-8FDC-42A3-9474-1A3956D46DE8}") = "Business", "Business", "{E1C01EE5-BA04-4DCE-9B34-B98CB37B1DC6}"
EndProject
Project("{FAE04EC0-301F-11D3-BF4B-00C04F79EFBC}") = "CarRental.Business.Entities", "CarRental.Business.Entities\CarRental.Business.Entities.csproj", "{93695F10-48A4-4299-B879-458C67495071}"
EndProject
Project("{2150E333-8FDC-42A3-9474-1A3956D46DE8}") = "Client", "Client", "{FF6CB3A8-F17C-4BF4-A852-DFB751EF1DF2}"
EndProject
Project("{FAE04EC0-301F-11D3-BF4B-00C04F79EFBC}") = "CarRental.Client.Entities", "CarRental.Client.Entities\CarRental.Client.Entities.csproj", "{8E719FDA-7151-48A4-BCE6-14B1F5F17C5A}"
EndProject
Project("{2150E333-8FDC-42A3-9474-1A3956D46DE8}") = "Core", "Core", "{A3F3FFB8-3093-493C-B288-704BEF34E884}"
EndProject
Project("{FAE04EC0-301F-11D3-BF4B-00C04F79EFBC}") = "Core.Common", "Core.Common\Core.Common.csproj", "{511E07F0-A5C3-4939-9A32-21FB7C9BE66D}"
EndProject
Project("{FAE04EC0-301F-11D3-BF4B-00C04F79EFBC}") = "Core.Common.Contracts", "Core.Common.Contracts\Core.Common.Contracts.csproj", "{245AA489-10EA-4C98-AA14-4AD8299EEE42}"
EndProject
Project("{2150E333-8FDC-42A3-9474-1A3956D46DE8}") = "Tests", "Tests", "{B2E41881-169F-4C7D-9577-1B1E51CB9CA9}"
EndProject
Project("{FAE04EC0-301F-11D3-BF4B-00C04F79EFBC}") = "Core.Common.Tests", "Core.Common.Tests\Core.Common.Tests.csproj", "{594E0B32-BC92-4151-AE68-A4ADC024029B}"
EndProject
Project("{2150E333-8FDC-42A3-9474-1A3956D46DE8}") = "DataAccess", "DataAccess", "{248F17C6-72AC-4097-AB5A-F3E9BEF65AAA}"
EndProject
Project("{FAE04EC0-301F-11D3-BF4B-00C04F79EFBC}") = "CarRental.Data.Contracts", "CarRental.Data.Contracts\CarRental.Data.Contracts.csproj", "{0C78A0C5-85B9-4241-8FCC-8941CB90A579}"
EndProject
Project("{FAE04EC0-301F-11D3-BF4B-00C04F79EFBC}") = "CarRental.Business.Bootstrapper", "CarRental.Business.Bootstrapper\CarRental.Business.Bootstrapper.csproj", "{46031639-7D12-45AC-9EEB-4C480E19B418}"
EndProject
Project("{FAE04EC0-301F-11D3-BF4B-00C04F79EFBC}") = "CarRental.Data", "CarRental.Data\CarRental.Data.csproj", "{0AA7AFB4-9FC7-450A-AD3F-8BB6B5629F11}"
EndProject
Project("{FAE04EC0-301F-11D3-BF4B-00C04F79EFBC}") = "CarRental.Data.Tests", "CarRental.Data.Tests\CarRental.Data.Tests.csproj", "{3D0A28A2-7EFF-4E76-8CC9-E9EC9FFFBA67}"
EndProject
Project("{FAE04EC0-301F-11D3-BF4B-00C04F79EFBC}") = "Core.Common.ServiceModel", "Core.Common.ServiceModel\Core.Common.ServiceModel.csproj", "{607E7EAF-94B1-4ABC-A55A-5233206C1C66}"
EndProject
Project("{2150E333-8FDC-42A3-9474-1A3956D46DE8}") = "Common", "Common", "{6CF28773-7054-40E0-A802-D4CEAF274622}"
EndProject
Project("{FAE04EC0-301F-11D3-BF4B-00C04F79EFBC}") = "CarRental.Common", "CarRental.Common\CarRental.Common.csproj", "{C2535D16-C49E-4E14-9AC6-697BF96A4CC1}"
EndProject
Project("{FAE04EC0-301F-11D3-BF4B-00C04F79EFBC}") = "CarRental.Common.Contracts", "CarRental.Common.Contracts\CarRental.Common.Contracts.csproj", "{A2C32F2B-0CC6-46A1-ADD9-5030B19AB03A}"
EndProject
Project("{FAE04EC0-301F-11D3-BF4B-00C04F79EFBC}") = "CarRental.Business.Contracts", "CarRental.Business.Contracts\CarRental.Business.Contracts.csproj", "{2F468DAB-180B-4B53-8BA7-254F75177E34}"
EndProject
Project("{FAE04EC0-301F-11D3-BF4B-00C04F79EFBC}") = "CarRental.Business.Common", "CarRental.Business.Common\CarRental.Business.Common.csproj", "{CDC62295-69E6-4232-A963-53FB2989D83B}"
EndProject
Project("{FAE04EC0-301F-11D3-BF4B-00C04F79EFBC}") = "CarRental.Business.Managers", "CarRental.Business.Managers\CarRental.Business.Managers.csproj", "{065EB8B9-1974-4946-AAED-7B438813F120}"
EndProject
Project("{FAE04EC0-301F-11D3-BF4B-00C04F79EFBC}") = "CarRental.Business", "CarRental.Business\CarRental.Business.csproj", "{3DF6F8F4-2813-4781-9513-C53701AD607C}"
EndProject
Project("{FAE04EC0-301F-11D3-BF4B-00C04F79EFBC}") = "CarRental.Business.Managers.Tests", "CarRental.Business.Managers.Tests\CarRental.Business.Managers.Tests.csproj", "{C7ADAB5D-5C35-4E73-9792-A4EC46383CB6}"
EndProject
Project("{FAE04EC0-301F-11D3-BF4B-00C04F79EFBC}") = "CarRental.Business.Tests", "CarRental.Business.Tests\CarRental.Business.Tests.csproj", "{E3492806-9649-45E4-A5DE-A7EBC248C9A1}"
EndProject
Project("{2150E333-8FDC-42A3-9474-1A3956D46DE8}") = "Hosting", "Hosting", "{D13FCFC5-2675-41F8-B67F-9D52067A5921}"
EndProject
Project("{FAE04EC0-301F-11D3-BF4B-00C04F79EFBC}") = "CarRental.ServiceHosts.Console", "CarRental.ServiceHosts.Console\CarRental.ServiceHosts.Console.csproj", "{81B1FEA9-5DE3-4E99-847A-86720DB1ADDC}"
EndProject
Project("{FAE04EC0-301F-11D3-BF4B-00C04F79EFBC}") = "CarRental.ServiceHosts.Tests", "CarRental.ServiceHosts.Tests\CarRental.ServiceHosts.Tests.csproj", "{9593D001-09B5-4D12-A82A-FF25569C862A}"
EndProject
Project("{FAE04EC0-301F-11D3-BF4B-00C04F79EFBC}") = "CarRental.Client.Contracts", "CarRental.Client.Contracts\CarRental.Client.Contracts.csproj", "{86686F46-7084-43C7-AF44-135BFB2EACDE}"
EndProject
Global
	GlobalSection(SolutionConfigurationPlatforms) = preSolution
		Debug|Any CPU = Debug|Any CPU
		Release|Any CPU = Release|Any CPU
	EndGlobalSection
	GlobalSection(ProjectConfigurationPlatforms) = postSolution
		{93695F10-48A4-4299-B879-458C67495071}.Debug|Any CPU.ActiveCfg = Debug|Any CPU
		{93695F10-48A4-4299-B879-458C67495071}.Debug|Any CPU.Build.0 = Debug|Any CPU
		{93695F10-48A4-4299-B879-458C67495071}.Release|Any CPU.ActiveCfg = Release|Any CPU
		{93695F10-48A4-4299-B879-458C67495071}.Release|Any CPU.Build.0 = Release|Any CPU
		{8E719FDA-7151-48A4-BCE6-14B1F5F17C5A}.Debug|Any CPU.ActiveCfg = Debug|Any CPU
		{8E719FDA-7151-48A4-BCE6-14B1F5F17C5A}.Debug|Any CPU.Build.0 = Debug|Any CPU
		{8E719FDA-7151-48A4-BCE6-14B1F5F17C5A}.Release|Any CPU.ActiveCfg = Release|Any CPU
		{8E719FDA-7151-48A4-BCE6-14B1F5F17C5A}.Release|Any CPU.Build.0 = Release|Any CPU
		{511E07F0-A5C3-4939-9A32-21FB7C9BE66D}.Debug|Any CPU.ActiveCfg = Debug|Any CPU
		{511E07F0-A5C3-4939-9A32-21FB7C9BE66D}.Debug|Any CPU.Build.0 = Debug|Any CPU
		{511E07F0-A5C3-4939-9A32-21FB7C9BE66D}.Release|Any CPU.ActiveCfg = Release|Any CPU
		{511E07F0-A5C3-4939-9A32-21FB7C9BE66D}.Release|Any CPU.Build.0 = Release|Any CPU
		{245AA489-10EA-4C98-AA14-4AD8299EEE42}.Debug|Any CPU.ActiveCfg = Debug|Any CPU
		{245AA489-10EA-4C98-AA14-4AD8299EEE42}.Debug|Any CPU.Build.0 = Debug|Any CPU
		{245AA489-10EA-4C98-AA14-4AD8299EEE42}.Release|Any CPU.ActiveCfg = Release|Any CPU
		{245AA489-10EA-4C98-AA14-4AD8299EEE42}.Release|Any CPU.Build.0 = Release|Any CPU
		{594E0B32-BC92-4151-AE68-A4ADC024029B}.Debug|Any CPU.ActiveCfg = Debug|Any CPU
		{594E0B32-BC92-4151-AE68-A4ADC024029B}.Debug|Any CPU.Build.0 = Debug|Any CPU
		{594E0B32-BC92-4151-AE68-A4ADC024029B}.Release|Any CPU.ActiveCfg = Release|Any CPU
		{594E0B32-BC92-4151-AE68-A4ADC024029B}.Release|Any CPU.Build.0 = Release|Any CPU
		{0C78A0C5-85B9-4241-8FCC-8941CB90A579}.Debug|Any CPU.ActiveCfg = Debug|Any CPU
		{0C78A0C5-85B9-4241-8FCC-8941CB90A579}.Debug|Any CPU.Build.0 = Debug|Any CPU
		{0C78A0C5-85B9-4241-8FCC-8941CB90A579}.Release|Any CPU.ActiveCfg = Release|Any CPU
		{0C78A0C5-85B9-4241-8FCC-8941CB90A579}.Release|Any CPU.Build.0 = Release|Any CPU
		{46031639-7D12-45AC-9EEB-4C480E19B418}.Debug|Any CPU.ActiveCfg = Debug|Any CPU
		{46031639-7D12-45AC-9EEB-4C480E19B418}.Debug|Any CPU.Build.0 = Debug|Any CPU
		{46031639-7D12-45AC-9EEB-4C480E19B418}.Release|Any CPU.ActiveCfg = Release|Any CPU
		{46031639-7D12-45AC-9EEB-4C480E19B418}.Release|Any CPU.Build.0 = Release|Any CPU
		{0AA7AFB4-9FC7-450A-AD3F-8BB6B5629F11}.Debug|Any CPU.ActiveCfg = Debug|Any CPU
		{0AA7AFB4-9FC7-450A-AD3F-8BB6B5629F11}.Debug|Any CPU.Build.0 = Debug|Any CPU
		{0AA7AFB4-9FC7-450A-AD3F-8BB6B5629F11}.Release|Any CPU.ActiveCfg = Release|Any CPU
		{0AA7AFB4-9FC7-450A-AD3F-8BB6B5629F11}.Release|Any CPU.Build.0 = Release|Any CPU
		{3D0A28A2-7EFF-4E76-8CC9-E9EC9FFFBA67}.Debug|Any CPU.ActiveCfg = Debug|Any CPU
		{3D0A28A2-7EFF-4E76-8CC9-E9EC9FFFBA67}.Debug|Any CPU.Build.0 = Debug|Any CPU
		{3D0A28A2-7EFF-4E76-8CC9-E9EC9FFFBA67}.Release|Any CPU.ActiveCfg = Release|Any CPU
		{3D0A28A2-7EFF-4E76-8CC9-E9EC9FFFBA67}.Release|Any CPU.Build.0 = Release|Any CPU
		{607E7EAF-94B1-4ABC-A55A-5233206C1C66}.Debug|Any CPU.ActiveCfg = Debug|Any CPU
		{607E7EAF-94B1-4ABC-A55A-5233206C1C66}.Debug|Any CPU.Build.0 = Debug|Any CPU
		{607E7EAF-94B1-4ABC-A55A-5233206C1C66}.Release|Any CPU.ActiveCfg = Release|Any CPU
		{607E7EAF-94B1-4ABC-A55A-5233206C1C66}.Release|Any CPU.Build.0 = Release|Any CPU
		{C2535D16-C49E-4E14-9AC6-697BF96A4CC1}.Debug|Any CPU.ActiveCfg = Debug|Any CPU
		{C2535D16-C49E-4E14-9AC6-697BF96A4CC1}.Debug|Any CPU.Build.0 = Debug|Any CPU
		{C2535D16-C49E-4E14-9AC6-697BF96A4CC1}.Release|Any CPU.ActiveCfg = Release|Any CPU
		{C2535D16-C49E-4E14-9AC6-697BF96A4CC1}.Release|Any CPU.Build.0 = Release|Any CPU
		{A2C32F2B-0CC6-46A1-ADD9-5030B19AB03A}.Debug|Any CPU.ActiveCfg = Debug|Any CPU
		{A2C32F2B-0CC6-46A1-ADD9-5030B19AB03A}.Debug|Any CPU.Build.0 = Debug|Any CPU
		{A2C32F2B-0CC6-46A1-ADD9-5030B19AB03A}.Release|Any CPU.ActiveCfg = Release|Any CPU
		{A2C32F2B-0CC6-46A1-ADD9-5030B19AB03A}.Release|Any CPU.Build.0 = Release|Any CPU
		{2F468DAB-180B-4B53-8BA7-254F75177E34}.Debug|Any CPU.ActiveCfg = Debug|Any CPU
		{2F468DAB-180B-4B53-8BA7-254F75177E34}.Debug|Any CPU.Build.0 = Debug|Any CPU
		{2F468DAB-180B-4B53-8BA7-254F75177E34}.Release|Any CPU.ActiveCfg = Release|Any CPU
		{2F468DAB-180B-4B53-8BA7-254F75177E34}.Release|Any CPU.Build.0 = Release|Any CPU
		{CDC62295-69E6-4232-A963-53FB2989D83B}.Debug|Any CPU.ActiveCfg = Debug|Any CPU
		{CDC62295-69E6-4232-A963-53FB2989D83B}.Debug|Any CPU.Build.0 = Debug|Any CPU
		{CDC62295-69E6-4232-A963-53FB2989D83B}.Release|Any CPU.ActiveCfg = Release|Any CPU
		{CDC62295-69E6-4232-A963-53FB2989D83B}.Release|Any CPU.Build.0 = Release|Any CPU
		{065EB8B9-1974-4946-AAED-7B438813F120}.Debug|Any CPU.ActiveCfg = Debug|Any CPU
		{065EB8B9-1974-4946-AAED-7B438813F120}.Debug|Any CPU.Build.0 = Debug|Any CPU
		{065EB8B9-1974-4946-AAED-7B438813F120}.Release|Any CPU.ActiveCfg = Release|Any CPU
		{065EB8B9-1974-4946-AAED-7B438813F120}.Release|Any CPU.Build.0 = Release|Any CPU
		{3DF6F8F4-2813-4781-9513-C53701AD607C}.Debug|Any CPU.ActiveCfg = Debug|Any CPU
		{3DF6F8F4-2813-4781-9513-C53701AD607C}.Debug|Any CPU.Build.0 = Debug|Any CPU
		{3DF6F8F4-2813-4781-9513-C53701AD607C}.Release|Any CPU.ActiveCfg = Release|Any CPU
		{3DF6F8F4-2813-4781-9513-C53701AD607C}.Release|Any CPU.Build.0 = Release|Any CPU
		{C7ADAB5D-5C35-4E73-9792-A4EC46383CB6}.Debug|Any CPU.ActiveCfg = Debug|Any CPU
		{C7ADAB5D-5C35-4E73-9792-A4EC46383CB6}.Debug|Any CPU.Build.0 = Debug|Any CPU
		{C7ADAB5D-5C35-4E73-9792-A4EC46383CB6}.Release|Any CPU.ActiveCfg = Release|Any CPU
		{C7ADAB5D-5C35-4E73-9792-A4EC46383CB6}.Release|Any CPU.Build.0 = Release|Any CPU
		{E3492806-9649-45E4-A5DE-A7EBC248C9A1}.Debug|Any CPU.ActiveCfg = Debug|Any CPU
		{E3492806-9649-45E4-A5DE-A7EBC248C9A1}.Debug|Any CPU.Build.0 = Debug|Any CPU
		{E3492806-9649-45E4-A5DE-A7EBC248C9A1}.Release|Any CPU.ActiveCfg = Release|Any CPU
		{E3492806-9649-45E4-A5DE-A7EBC248C9A1}.Release|Any CPU.Build.0 = Release|Any CPU
		{81B1FEA9-5DE3-4E99-847A-86720DB1ADDC}.Debug|Any CPU.ActiveCfg = Debug|Any CPU
		{81B1FEA9-5DE3-4E99-847A-86720DB1ADDC}.Debug|Any CPU.Build.0 = Debug|Any CPU
		{81B1FEA9-5DE3-4E99-847A-86720DB1ADDC}.Release|Any CPU.ActiveCfg = Release|Any CPU
		{81B1FEA9-5DE3-4E99-847A-86720DB1ADDC}.Release|Any CPU.Build.0 = Release|Any CPU
		{9593D001-09B5-4D12-A82A-FF25569C862A}.Debug|Any CPU.ActiveCfg = Debug|Any CPU
		{9593D001-09B5-4D12-A82A-FF25569C862A}.Debug|Any CPU.Build.0 = Debug|Any CPU
		{9593D001-09B5-4D12-A82A-FF25569C862A}.Release|Any CPU.ActiveCfg = Release|Any CPU
		{9593D001-09B5-4D12-A82A-FF25569C862A}.Release|Any CPU.Build.0 = Release|Any CPU
		{86686F46-7084-43C7-AF44-135BFB2EACDE}.Debug|Any CPU.ActiveCfg = Debug|Any CPU
		{86686F46-7084-43C7-AF44-135BFB2EACDE}.Debug|Any CPU.Build.0 = Debug|Any CPU
		{86686F46-7084-43C7-AF44-135BFB2EACDE}.Release|Any CPU.ActiveCfg = Release|Any CPU
		{86686F46-7084-43C7-AF44-135BFB2EACDE}.Release|Any CPU.Build.0 = Release|Any CPU
	EndGlobalSection
	GlobalSection(SolutionProperties) = preSolution
		HideSolutionNode = FALSE
	EndGlobalSection
	GlobalSection(NestedProjects) = preSolution
		{93695F10-48A4-4299-B879-458C67495071} = {E1C01EE5-BA04-4DCE-9B34-B98CB37B1DC6}
		{8E719FDA-7151-48A4-BCE6-14B1F5F17C5A} = {FF6CB3A8-F17C-4BF4-A852-DFB751EF1DF2}
		{511E07F0-A5C3-4939-9A32-21FB7C9BE66D} = {A3F3FFB8-3093-493C-B288-704BEF34E884}
		{245AA489-10EA-4C98-AA14-4AD8299EEE42} = {A3F3FFB8-3093-493C-B288-704BEF34E884}
		{594E0B32-BC92-4151-AE68-A4ADC024029B} = {B2E41881-169F-4C7D-9577-1B1E51CB9CA9}
		{0C78A0C5-85B9-4241-8FCC-8941CB90A579} = {248F17C6-72AC-4097-AB5A-F3E9BEF65AAA}
		{46031639-7D12-45AC-9EEB-4C480E19B418} = {E1C01EE5-BA04-4DCE-9B34-B98CB37B1DC6}
		{0AA7AFB4-9FC7-450A-AD3F-8BB6B5629F11} = {248F17C6-72AC-4097-AB5A-F3E9BEF65AAA}
		{3D0A28A2-7EFF-4E76-8CC9-E9EC9FFFBA67} = {B2E41881-169F-4C7D-9577-1B1E51CB9CA9}
		{607E7EAF-94B1-4ABC-A55A-5233206C1C66} = {A3F3FFB8-3093-493C-B288-704BEF34E884}
		{C2535D16-C49E-4E14-9AC6-697BF96A4CC1} = {6CF28773-7054-40E0-A802-D4CEAF274622}
		{A2C32F2B-0CC6-46A1-ADD9-5030B19AB03A} = {6CF28773-7054-40E0-A802-D4CEAF274622}
		{2F468DAB-180B-4B53-8BA7-254F75177E34} = {E1C01EE5-BA04-4DCE-9B34-B98CB37B1DC6}
		{CDC62295-69E6-4232-A963-53FB2989D83B} = {E1C01EE5-BA04-4DCE-9B34-B98CB37B1DC6}
		{065EB8B9-1974-4946-AAED-7B438813F120} = {E1C01EE5-BA04-4DCE-9B34-B98CB37B1DC6}
		{3DF6F8F4-2813-4781-9513-C53701AD607C} = {E1C01EE5-BA04-4DCE-9B34-B98CB37B1DC6}
		{C7ADAB5D-5C35-4E73-9792-A4EC46383CB6} = {B2E41881-169F-4C7D-9577-1B1E51CB9CA9}
		{E3492806-9649-45E4-A5DE-A7EBC248C9A1} = {B2E41881-169F-4C7D-9577-1B1E51CB9CA9}
		{81B1FEA9-5DE3-4E99-847A-86720DB1ADDC} = {D13FCFC5-2675-41F8-B67F-9D52067A5921}
		{9593D001-09B5-4D12-A82A-FF25569C862A} = {B2E41881-169F-4C7D-9577-1B1E51CB9CA9}
		{86686F46-7084-43C7-AF44-135BFB2EACDE} = {FF6CB3A8-F17C-4BF4-A852-DFB751EF1DF2}
	EndGlobalSection
EndGlobal
